
Microsoft Visual Studio Solution File, Format Version 12.00
# Visual Studio Version 17
VisualStudioVersion = 17.5.002.0
MinimumVisualStudioVersion = 10.0.40219.1
Project("{9A19103F-16F7-4668-BE54-9A1E7A4F7556}") = "ligeirao", "ligeirao.csproj", "{271BF366-2D9F-4BC8-B3C0-22A2EE4F7848}"
EndProject
Project("{9A19103F-16F7-4668-BE54-9A1E7A4F7556}") = "GeraLocalizacoes", "..\GeraLocalizacoes\GeraLocalizacoes.csproj", "{5BFD0E64-9ED0-4AFE-A8E0-592DE47E7E4E}"
EndProject
Project("{2150E333-8FDC-42A3-9474-1A3956D46DE8}") = "Itens de Solução", "Itens de Solução", "{DB864461-F772-4F93-85FD-6D2882BD6471}"
	ProjectSection(SolutionItems) = preProject
		..\Front\mapaosm.html = ..\Front\mapaosm.html
	EndProjectSection
EndProject
Global
	GlobalSection(SolutionConfigurationPlatforms) = preSolution
		Debug|Any CPU = Debug|Any CPU
		Release|Any CPU = Release|Any CPU
		Testes|Any CPU = Testes|Any CPU
	EndGlobalSection
	GlobalSection(ProjectConfigurationPlatforms) = postSolution
		{271BF366-2D9F-4BC8-B3C0-22A2EE4F7848}.Debug|Any CPU.ActiveCfg = Debug|Any CPU
		{271BF366-2D9F-4BC8-B3C0-22A2EE4F7848}.Debug|Any CPU.Build.0 = Debug|Any CPU
		{271BF366-2D9F-4BC8-B3C0-22A2EE4F7848}.Release|Any CPU.ActiveCfg = Release|Any CPU
		{271BF366-2D9F-4BC8-B3C0-22A2EE4F7848}.Release|Any CPU.Build.0 = Release|Any CPU
		{271BF366-2D9F-4BC8-B3C0-22A2EE4F7848}.Testes|Any CPU.ActiveCfg = Testes|Any CPU
		{271BF366-2D9F-4BC8-B3C0-22A2EE4F7848}.Testes|Any CPU.Build.0 = Testes|Any CPU
		{5BFD0E64-9ED0-4AFE-A8E0-592DE47E7E4E}.Debug|Any CPU.ActiveCfg = Debug|Any CPU
		{5BFD0E64-9ED0-4AFE-A8E0-592DE47E7E4E}.Debug|Any CPU.Build.0 = Debug|Any CPU
		{5BFD0E64-9ED0-4AFE-A8E0-592DE47E7E4E}.Release|Any CPU.ActiveCfg = Release|Any CPU
		{5BFD0E64-9ED0-4AFE-A8E0-592DE47E7E4E}.Release|Any CPU.Build.0 = Release|Any CPU
		{5BFD0E64-9ED0-4AFE-A8E0-592DE47E7E4E}.Testes|Any CPU.ActiveCfg = Testes|Any CPU
		{5BFD0E64-9ED0-4AFE-A8E0-592DE47E7E4E}.Testes|Any CPU.Build.0 = Testes|Any CPU
	EndGlobalSection
	GlobalSection(SolutionProperties) = preSolution
		HideSolutionNode = FALSE
	EndGlobalSection
	GlobalSection(ExtensibilityGlobals) = postSolution
		SolutionGuid = {A4D9CCEB-DD64-4BD5-B3F3-A02BBD2A1D8A}
	EndGlobalSection
EndGlobal
